%{"benchfella": {:hex, :benchfella, "0.3.2", "b9648e77fa8d8b8b9fe8f54293bee63f7de03909b3af6ab22a0e546716a396fb", [:mix], []},
  "certifi": {:hex, :certifi, "0.4.0", "a7966efb868b179023618d29a407548f70c52466bf1849b9e8ebd0e34b7ea11f", [:rebar3], []},
  "earmark": {:hex, :earmark, "0.2.1", "ba6d26ceb16106d069b289df66751734802777a3cbb6787026dd800ffeb850f3", [:mix], []},
  "ex_doc": {:hex, :ex_doc, "0.11.4", "a064bdb720594c3745b94709b17ffb834fd858b4e0c1f48f37c0d92700759e02", [:mix], [{:earmark, "~> 0.1.17 or ~> 0.2", [hex: :earmark, optional: true]}]},
  "excoveralls": {:hex, :excoveralls, "0.5.1", "5b55d62b384c7edda8b26b52b1a9fc9358fec2e6b157a81071de5cb8a42e4721", [:mix], [{:hackney, ">= 0.12.0", [hex: :hackney, optional: false]}, {:exjsx, "~> 3.0", [hex: :exjsx, optional: false]}]},
  "exjsx": {:hex, :exjsx, "3.2.0", "7136cc739ace295fc74c378f33699e5145bead4fdc1b4799822d0287489136fb", [:mix], [{:jsx, "~> 2.6.2", [hex: :jsx, optional: false]}]},
  "fs": {:hex, :fs, "0.9.2", "ed17036c26c3f70ac49781ed9220a50c36775c6ca2cf8182d123b6566e49ec59", [:rebar], []},
  "hackney": {:hex, :hackney, "1.5.4", "320dfff66247e3707162d4bd1f3ffc2d9069b853d95701ce9834f4a0e4cb8974", [:rebar3], [{:ssl_verify_hostname, "1.0.6", [hex: :ssl_verify_hostname, optional: false]}, {:mimerl, "1.0.2", [hex: :mimerl, optional: false]}, {:metrics, "1.0.1", [hex: :metrics, optional: false]}, {:idna, "1.2.0", [hex: :idna, optional: false]}, {:certifi, "0.4.0", [hex: :certifi, optional: false]}]},
  "idna": {:hex, :idna, "1.2.0", "ac62ee99da068f43c50dc69acf700e03a62a348360126260e87f2b54eced86b2", [:rebar3], []},
  "inch_ex": {:hex, :inch_ex, "0.5.1", "c1c18966c935944cbb2d273796b36e44fab3c54fd59f906ff026a686205b4e14", [:mix], [{:poison, "~> 1.5 or ~> 2.0", [hex: :poison, optional: false]}]},
  "jsx": {:hex, :jsx, "2.6.2", "213721e058da0587a4bce3cc8a00ff6684ced229c8f9223245c6ff2c88fbaa5a", [:mix, :rebar], []},
  "metrics": {:hex, :metrics, "1.0.1", "25f094dea2cda98213cecc3aeff09e940299d950904393b2a29d191c346a8486", [:rebar3], []},
  "mimerl": {:hex, :mimerl, "1.0.2", "993f9b0e084083405ed8252b99460c4f0563e41729ab42d9074fd5e52439be88", [:rebar3], []},
  "mix_test_watch": {:hex, :mix_test_watch, "0.2.6", "9fcc2b1b89d1594c4a8300959c19d50da2f0ff13642c8f681692a6e507f92cab", [:mix], [{:fs, "~> 0.9.1", [hex: :fs, optional: false]}]},
  "poison": {:hex, :poison, "1.5.2", "560bdfb7449e3ddd23a096929fb9fc2122f709bcc758b2d5d5a5c7d0ea848910", [:mix], []},
  "porcelain": {:hex, :porcelain, "2.0.0"},
  "shouldi": {:hex, :shouldi, "0.3.0", "ae3fb3cec3328057377a0aa750aa1bb9f8b321ba054e1e2c7211512c383fb6ff", [:mix], []},
  "ssl_verify_hostname": {:hex, :ssl_verify_hostname, "1.0.6", "45866d958d9ae51cfe8fef0050ab8054d25cba23ace43b88046092aa2c714645", [:make], []},
  "temporary_env": {:hex, :temporary_env, "1.0.1", "bdb05d9b6c7f782b16779988c83c3f1c2fb2540b902e5e1cf8afbfecbd8e801c", [:mix], []}}
